# THIS IS AN AUTOGENERATED FILE. DO NOT EDIT THIS FILE DIRECTLY.
# yarn lockfile v1


flow-bin@0.138.0:
  version "0.138.0"
  resolved "https://registry.yarnpkg.com/flow-bin/-/flow-bin-0.138.0.tgz#a0c81a3dd1ed34771b33b7e91078ed260301aa17"
  integrity sha512-y3twwNeN0FWEK0vvJo/5SiC/OQVlhubGRyOPIS6p49b2yiiWE/cBFG/aC9kFXFfh7Orewe5O5B2X0+IiEOCYIw==
