# THIS IS AN AUTOGENERATED FILE. DO NOT EDIT THIS FILE DIRECTLY.
# yarn lockfile v1


flow-bin@0.329.0:
  version "0.329.0"
  resolved "https://registry.yarnpkg.com/flow-bin/-/flow-bin-0.329.0.tgz#3f779dd97c5362393a167b9c158d84a014b26f39"
  integrity sha512-UO5AB8JlipMBu0lpMw1eBV7EDsn9xS3N4Q/ecu+i4bT1R93eUg7wM6q1sm8SIY9DyjMrQfy/Q4n2xsNfpZQ1kw==
