# THIS IS AN AUTOGENERATED FILE. DO NOT EDIT THIS FILE DIRECTLY.
# yarn lockfile v1


flow-bin@0.130.0:
  version "0.130.0"
  resolved "https://registry.yarnpkg.com/flow-bin/-/flow-bin-0.130.0.tgz#e25eaf891af96da371ff6a9fa99d709f24ce9252"
  integrity sha512-1TSLwCPXvKPwiae7Fh+dpipCzwlHQ1UcBHfCpQImz+hsxYIUWkLWJWEm34bY6I7dSM4ekSiVeP02BhzVJGwtpw==
